
Microsoft Visual Studio Solution File, Format Version 12.00
# Visual Studio Version 16
VisualStudioVersion = 25.0.1706.4
MinimumVisualStudioVersion = 10.0.40219.1
Project("{FAE04EC0-301F-11D3-BF4B-00C04F79EFBC}") = "TP-POO-Jeu-du-serpent", "TP-POO-Jeu-du-serpent\TP-POO-Jeu-du-serpent.csproj", "{4EBC7B8F-3FD9-40AC-A1CF-AB25D08585DC}"
EndProject
Global
	GlobalSection(SolutionConfigurationPlatforms) = preSolution
		Debug|Any CPU = Debug|Any CPU
		Release|Any CPU = Release|Any CPU
	EndGlobalSection
	GlobalSection(ProjectConfigurationPlatforms) = postSolution
		{4EBC7B8F-3FD9-40AC-A1CF-AB25D08585DC}.Debug|Any CPU.ActiveCfg = Debug|Any CPU
		{4EBC7B8F-3FD9-40AC-A1CF-AB25D08585DC}.Debug|Any CPU.Build.0 = Debug|Any CPU
		{4EBC7B8F-3FD9-40AC-A1CF-AB25D08585DC}.Release|Any CPU.ActiveCfg = Release|Any CPU
		{4EBC7B8F-3FD9-40AC-A1CF-AB25D08585DC}.Release|Any CPU.Build.0 = Release|Any CPU
	EndGlobalSection
	GlobalSection(SolutionProperties) = preSolution
		HideSolutionNode = FALSE
	EndGlobalSection
	GlobalSection(ExtensibilityGlobals) = postSolution
		SolutionGuid = {6E1F9875-9310-4C22-9B1F-4FE4E14210B7}
	EndGlobalSection
EndGlobal
