
Microsoft Visual Studio Solution File, Format Version 12.00
# Visual Studio Version 16
VisualStudioVersion = 25.0.1706.4
MinimumVisualStudioVersion = 10.0.40219.1
Project("{FAE04EC0-301F-11D3-BF4B-00C04F79EFBC}") = "TP_calculatrice", "TP_calculatrice\TP_calculatrice.csproj", "{FA755E12-3D12-49E6-B7DF-EB1460B0B21F}"
EndProject
Project("{FAE04EC0-301F-11D3-BF4B-00C04F79EFBC}") = "TP_calculatrice.UnitTests", "TP_calculatrice.UnitTests\TP_calculatrice.UnitTests.csproj", "{441ACFE0-E788-4C18-8227-CE8F14F7DC7A}"
EndProject
Global
	GlobalSection(SolutionConfigurationPlatforms) = preSolution
		Debug|Any CPU = Debug|Any CPU
		Release|Any CPU = Release|Any CPU
	EndGlobalSection
	GlobalSection(ProjectConfigurationPlatforms) = postSolution
		{FA755E12-3D12-49E6-B7DF-EB1460B0B21F}.Debug|Any CPU.ActiveCfg = Debug|Any CPU
		{FA755E12-3D12-49E6-B7DF-EB1460B0B21F}.Debug|Any CPU.Build.0 = Debug|Any CPU
		{FA755E12-3D12-49E6-B7DF-EB1460B0B21F}.Release|Any CPU.ActiveCfg = Release|Any CPU
		{FA755E12-3D12-49E6-B7DF-EB1460B0B21F}.Release|Any CPU.Build.0 = Release|Any CPU
		{441ACFE0-E788-4C18-8227-CE8F14F7DC7A}.Debug|Any CPU.ActiveCfg = Debug|Any CPU
		{441ACFE0-E788-4C18-8227-CE8F14F7DC7A}.Debug|Any CPU.Build.0 = Debug|Any CPU
		{441ACFE0-E788-4C18-8227-CE8F14F7DC7A}.Release|Any CPU.ActiveCfg = Release|Any CPU
		{441ACFE0-E788-4C18-8227-CE8F14F7DC7A}.Release|Any CPU.Build.0 = Release|Any CPU
	EndGlobalSection
	GlobalSection(SolutionProperties) = preSolution
		HideSolutionNode = FALSE
	EndGlobalSection
	GlobalSection(ExtensibilityGlobals) = postSolution
		SolutionGuid = {153FE92E-535B-4A7F-AAC0-27A03476AEE1}
	EndGlobalSection
EndGlobal
