
Microsoft Visual Studio Solution File, Format Version 12.00
# Visual Studio Version 16
VisualStudioVersion = 25.0.1706.11
MinimumVisualStudioVersion = 10.0.40219.1
Project("{FAE04EC0-301F-11D3-BF4B-00C04F79EFBC}") = "TP_API_Animals", "TP_API_Animals\TP_API_Animals.csproj", "{10277020-5E86-4420-A30F-5DCC13B02853}"
EndProject
Global
	GlobalSection(SolutionConfigurationPlatforms) = preSolution
		Debug|Any CPU = Debug|Any CPU
		Release|Any CPU = Release|Any CPU
	EndGlobalSection
	GlobalSection(ProjectConfigurationPlatforms) = postSolution
		{10277020-5E86-4420-A30F-5DCC13B02853}.Debug|Any CPU.ActiveCfg = Debug|Any CPU
		{10277020-5E86-4420-A30F-5DCC13B02853}.Debug|Any CPU.Build.0 = Debug|Any CPU
		{10277020-5E86-4420-A30F-5DCC13B02853}.Release|Any CPU.ActiveCfg = Release|Any CPU
		{10277020-5E86-4420-A30F-5DCC13B02853}.Release|Any CPU.Build.0 = Release|Any CPU
	EndGlobalSection
	GlobalSection(SolutionProperties) = preSolution
		HideSolutionNode = FALSE
	EndGlobalSection
	GlobalSection(ExtensibilityGlobals) = postSolution
		SolutionGuid = {50FC755C-6DA1-433D-B43D-6D6C473EA699}
	EndGlobalSection
EndGlobal
