
Microsoft Visual Studio Solution File, Format Version 12.00
# Visual Studio Version 16
VisualStudioVersion = 25.0.1706.9
MinimumVisualStudioVersion = 10.0.40219.1
Project("{FAE04EC0-301F-11D3-BF4B-00C04F79EFBC}") = "FirstAspDotnetApp", "FirstAspDotnetApp\FirstAspDotnetApp.csproj", "{3184BF96-AE82-429A-83B5-3DD682018BD9}"
EndProject
Global
	GlobalSection(SolutionConfigurationPlatforms) = preSolution
		Debug|Any CPU = Debug|Any CPU
		Release|Any CPU = Release|Any CPU
	EndGlobalSection
	GlobalSection(ProjectConfigurationPlatforms) = postSolution
		{3184BF96-AE82-429A-83B5-3DD682018BD9}.Debug|Any CPU.ActiveCfg = Debug|Any CPU
		{3184BF96-AE82-429A-83B5-3DD682018BD9}.Debug|Any CPU.Build.0 = Debug|Any CPU
		{3184BF96-AE82-429A-83B5-3DD682018BD9}.Release|Any CPU.ActiveCfg = Release|Any CPU
		{3184BF96-AE82-429A-83B5-3DD682018BD9}.Release|Any CPU.Build.0 = Release|Any CPU
	EndGlobalSection
	GlobalSection(SolutionProperties) = preSolution
		HideSolutionNode = FALSE
	EndGlobalSection
	GlobalSection(ExtensibilityGlobals) = postSolution
		SolutionGuid = {9C7107FC-6532-462F-A234-A01A58DC39D2}
	EndGlobalSection
EndGlobal
