
Microsoft Visual Studio Solution File, Format Version 12.00
# Visual Studio Version 16
VisualStudioVersion = 25.0.1706.9
MinimumVisualStudioVersion = 10.0.40219.1
Project("{FAE04EC0-301F-11D3-BF4B-00C04F79EFBC}") = "TP-delegues", "TP-delegues\TP-delegues.csproj", "{8555A736-FCD1-4A83-8525-B27A406C400A}"
EndProject
Global
	GlobalSection(SolutionConfigurationPlatforms) = preSolution
		Debug|Any CPU = Debug|Any CPU
		Release|Any CPU = Release|Any CPU
	EndGlobalSection
	GlobalSection(ProjectConfigurationPlatforms) = postSolution
		{8555A736-FCD1-4A83-8525-B27A406C400A}.Debug|Any CPU.ActiveCfg = Debug|Any CPU
		{8555A736-FCD1-4A83-8525-B27A406C400A}.Debug|Any CPU.Build.0 = Debug|Any CPU
		{8555A736-FCD1-4A83-8525-B27A406C400A}.Release|Any CPU.ActiveCfg = Release|Any CPU
		{8555A736-FCD1-4A83-8525-B27A406C400A}.Release|Any CPU.Build.0 = Release|Any CPU
	EndGlobalSection
	GlobalSection(SolutionProperties) = preSolution
		HideSolutionNode = FALSE
	EndGlobalSection
	GlobalSection(ExtensibilityGlobals) = postSolution
		SolutionGuid = {728984C6-D051-488E-BFD8-ADFB1E53762E}
	EndGlobalSection
EndGlobal
