
Microsoft Visual Studio Solution File, Format Version 12.00
# Visual Studio Version 16
VisualStudioVersion = 25.0.1706.4
MinimumVisualStudioVersion = 10.0.40219.1
Project("{FAE04EC0-301F-11D3-BF4B-00C04F79EFBC}") = "TP - morpion", "TP - morpion\TP - morpion.csproj", "{D556A46C-C93B-433B-9E20-8795EB5ED351}"
EndProject
Global
	GlobalSection(SolutionConfigurationPlatforms) = preSolution
		Debug|Any CPU = Debug|Any CPU
		Release|Any CPU = Release|Any CPU
	EndGlobalSection
	GlobalSection(ProjectConfigurationPlatforms) = postSolution
		{D556A46C-C93B-433B-9E20-8795EB5ED351}.Debug|Any CPU.ActiveCfg = Debug|Any CPU
		{D556A46C-C93B-433B-9E20-8795EB5ED351}.Debug|Any CPU.Build.0 = Debug|Any CPU
		{D556A46C-C93B-433B-9E20-8795EB5ED351}.Release|Any CPU.ActiveCfg = Release|Any CPU
		{D556A46C-C93B-433B-9E20-8795EB5ED351}.Release|Any CPU.Build.0 = Release|Any CPU
	EndGlobalSection
	GlobalSection(SolutionProperties) = preSolution
		HideSolutionNode = FALSE
	EndGlobalSection
	GlobalSection(ExtensibilityGlobals) = postSolution
		SolutionGuid = {2E04475D-6AD1-439A-8AF5-EAC799A27361}
	EndGlobalSection
EndGlobal
