
Microsoft Visual Studio Solution File, Format Version 12.00
# Visual Studio Version 16
VisualStudioVersion = 25.0.1706.12
MinimumVisualStudioVersion = 10.0.40219.1
Project("{FAE04EC0-301F-11D3-BF4B-00C04F79EFBC}") = "workshop_final_console", "workshop_final\workshop_final_console.csproj", "{CB913AC9-4DAD-4952-B14E-DB45524C82B6}"
EndProject
Project("{FAE04EC0-301F-11D3-BF4B-00C04F79EFBC}") = "workshop_final.UnitTests", "workshop_final.UnitTests\workshop_final.UnitTests.csproj", "{2601B87C-F32D-41B4-8A51-D0FA6897DA5A}"
EndProject
Project("{FAE04EC0-301F-11D3-BF4B-00C04F79EFBC}") = "workshop_final_API", "workshop_final_API\workshop_final_API.csproj", "{AEC5360F-BA2F-4D32-9CF0-E0A74FFD6DEF}"
EndProject
Global
	GlobalSection(SolutionConfigurationPlatforms) = preSolution
		Debug|Any CPU = Debug|Any CPU
		Release|Any CPU = Release|Any CPU
	EndGlobalSection
	GlobalSection(ProjectConfigurationPlatforms) = postSolution
		{CB913AC9-4DAD-4952-B14E-DB45524C82B6}.Debug|Any CPU.ActiveCfg = Debug|Any CPU
		{CB913AC9-4DAD-4952-B14E-DB45524C82B6}.Debug|Any CPU.Build.0 = Debug|Any CPU
		{CB913AC9-4DAD-4952-B14E-DB45524C82B6}.Release|Any CPU.ActiveCfg = Release|Any CPU
		{CB913AC9-4DAD-4952-B14E-DB45524C82B6}.Release|Any CPU.Build.0 = Release|Any CPU
		{2601B87C-F32D-41B4-8A51-D0FA6897DA5A}.Debug|Any CPU.ActiveCfg = Debug|Any CPU
		{2601B87C-F32D-41B4-8A51-D0FA6897DA5A}.Debug|Any CPU.Build.0 = Debug|Any CPU
		{2601B87C-F32D-41B4-8A51-D0FA6897DA5A}.Release|Any CPU.ActiveCfg = Release|Any CPU
		{2601B87C-F32D-41B4-8A51-D0FA6897DA5A}.Release|Any CPU.Build.0 = Release|Any CPU
		{AEC5360F-BA2F-4D32-9CF0-E0A74FFD6DEF}.Debug|Any CPU.ActiveCfg = Debug|Any CPU
		{AEC5360F-BA2F-4D32-9CF0-E0A74FFD6DEF}.Debug|Any CPU.Build.0 = Debug|Any CPU
		{AEC5360F-BA2F-4D32-9CF0-E0A74FFD6DEF}.Release|Any CPU.ActiveCfg = Release|Any CPU
		{AEC5360F-BA2F-4D32-9CF0-E0A74FFD6DEF}.Release|Any CPU.Build.0 = Release|Any CPU
	EndGlobalSection
	GlobalSection(SolutionProperties) = preSolution
		HideSolutionNode = FALSE
	EndGlobalSection
	GlobalSection(ExtensibilityGlobals) = postSolution
		SolutionGuid = {71E28D55-675D-42BD-BFC2-0C7DCAA19F70}
	EndGlobalSection
EndGlobal
