
Microsoft Visual Studio Solution File, Format Version 12.00
# Visual Studio Version 16
VisualStudioVersion = 25.0.1706.4
MinimumVisualStudioVersion = 10.0.40219.1
Project("{FAE04EC0-301F-11D3-BF4B-00C04F79EFBC}") = "TP-FootballTeam", "TP-FootballTeam\TP-FootballTeam.csproj", "{2CAA2DA2-73F5-455C-9135-455420322F20}"
EndProject
Global
	GlobalSection(SolutionConfigurationPlatforms) = preSolution
		Debug|Any CPU = Debug|Any CPU
		Release|Any CPU = Release|Any CPU
	EndGlobalSection
	GlobalSection(ProjectConfigurationPlatforms) = postSolution
		{2CAA2DA2-73F5-455C-9135-455420322F20}.Debug|Any CPU.ActiveCfg = Debug|Any CPU
		{2CAA2DA2-73F5-455C-9135-455420322F20}.Debug|Any CPU.Build.0 = Debug|Any CPU
		{2CAA2DA2-73F5-455C-9135-455420322F20}.Release|Any CPU.ActiveCfg = Release|Any CPU
		{2CAA2DA2-73F5-455C-9135-455420322F20}.Release|Any CPU.Build.0 = Release|Any CPU
	EndGlobalSection
	GlobalSection(SolutionProperties) = preSolution
		HideSolutionNode = FALSE
	EndGlobalSection
	GlobalSection(ExtensibilityGlobals) = postSolution
		SolutionGuid = {69B2DAF3-96BC-427B-B67E-35AFBA74B5FA}
	EndGlobalSection
EndGlobal
