
Microsoft Visual Studio Solution File, Format Version 12.00
# Visual Studio Version 16
VisualStudioVersion = 25.0.1706.12
MinimumVisualStudioVersion = 10.0.40219.1
Project("{FAE04EC0-301F-11D3-BF4B-00C04F79EFBC}") = "Workshop_MVC_Project", "Workshop_MVC_Project\Workshop_MVC_Project.csproj", "{DCB28C26-0374-4BF1-9934-6896AC58A712}"
EndProject
Global
	GlobalSection(SolutionConfigurationPlatforms) = preSolution
		Debug|Any CPU = Debug|Any CPU
		Release|Any CPU = Release|Any CPU
	EndGlobalSection
	GlobalSection(ProjectConfigurationPlatforms) = postSolution
		{DCB28C26-0374-4BF1-9934-6896AC58A712}.Debug|Any CPU.ActiveCfg = Debug|Any CPU
		{DCB28C26-0374-4BF1-9934-6896AC58A712}.Debug|Any CPU.Build.0 = Debug|Any CPU
		{DCB28C26-0374-4BF1-9934-6896AC58A712}.Release|Any CPU.ActiveCfg = Release|Any CPU
		{DCB28C26-0374-4BF1-9934-6896AC58A712}.Release|Any CPU.Build.0 = Release|Any CPU
	EndGlobalSection
	GlobalSection(SolutionProperties) = preSolution
		HideSolutionNode = FALSE
	EndGlobalSection
	GlobalSection(ExtensibilityGlobals) = postSolution
		SolutionGuid = {46B7DB0A-3290-4FB2-8D2B-242A9321CCF0}
	EndGlobalSection
EndGlobal
